# This file is automatically @generated by Cargo.
# It is not intended for manual editing.
version = 3

[[package]]
name = "arrayvec"
version = "0.5.2"
source = "registry+https://github.com/rust-lang/crates.io-index"
checksum = "23b62fc65de8e4e7f52534fb52b0f3ed04746ae267519eef2a83941e8085068b"

[[package]]
name = "cfg-if"
version = "0.1.10"
source = "registry+https://github.com/rust-lang/crates.io-index"
checksum = "4785bdd1c96b2a846b2bd7cc02e86b6b3dbf14e7e53446c4f54c92a361040822"

[[package]]
name = "embedded-hal"
version = "0.2.7"
source = "registry+https://github.com/rust-lang/crates.io-index"
checksum = "35949884794ad573cf46071e41c9b60efb0cb311e3ca01f7af807af1debc66ff"
dependencies = [
 "nb 0.1.3",
 "void",
]

[[package]]
name = "embedded-hal"
version = "1.0.0-alpha.9"
source = "registry+https://github.com/rust-lang/crates.io-index"
checksum = "129b101ddfee640565f7c07b301a31d95aa21e5acef21a491c307139f5fa4c91"

[[package]]
name = "embedded-hal-nb"
version = "1.0.0-alpha.1"
source = "registry+https://github.com/rust-lang/crates.io-index"
checksum = "7e0760ec0a3bf76859d5e33f39542af103f157d5b2ecfb00ace56dd461472e3a"
dependencies = [
 "embedded-hal 1.0.0-alpha.9",
 "nb 1.0.0",
]

[[package]]
name = "gcode"
version = "0.6.1"
source = "registry+https://github.com/rust-lang/crates.io-index"
checksum = "5125264a3fbfa54f30f79428f4e69d74ad279f554ba90829189517f407f41dbc"
dependencies = [
 "arrayvec",
 "cfg-if",
 "libm",
]

[[package]]
name = "gpio"
version = "0.4.1"
source = "registry+https://github.com/rust-lang/crates.io-index"
checksum = "4fe6783270536547ac473c9d2ae5a7e0e715ea43f29004ced47fbd1c1372d2c7"

[[package]]
name = "libc"
version = "0.2.137"
source = "registry+https://github.com/rust-lang/crates.io-index"
checksum = "fc7fcc620a3bff7cdd7a365be3376c97191aeaccc2a603e600951e452615bf89"

[[package]]
name = "libm"
version = "0.2.5"
source = "registry+https://github.com/rust-lang/crates.io-index"
checksum = "292a948cd991e376cf75541fe5b97a1081d713c618b4f1b9500f8844e49eb565"

[[package]]
name = "nb"
version = "0.1.3"
source = "registry+https://github.com/rust-lang/crates.io-index"
checksum = "801d31da0513b6ec5214e9bf433a77966320625a37860f910be265be6e18d06f"
dependencies = [
 "nb 1.0.0",
]

[[package]]
name = "nb"
version = "1.0.0"
source = "registry+https://github.com/rust-lang/crates.io-index"
checksum = "546c37ac5d9e56f55e73b677106873d9d9f5190605e41a856503623648488cae"

[[package]]
name = "once_cell"
version = "1.16.0"
source = "registry+https://github.com/rust-lang/crates.io-index"
checksum = "86f0b0d4bf799edbc74508c1e8bf170ff5f41238e5f8225603ca7caaae2b7860"

[[package]]
name = "rppal"
version = "0.14.0"
source = "registry+https://github.com/rust-lang/crates.io-index"
checksum = "b6f5900fcc67cad69c619ec872c685ca80181eae325ea425c4bd7adb4406dab4"
dependencies = [
 "embedded-hal 0.2.7",
 "embedded-hal 1.0.0-alpha.9",
 "embedded-hal-nb",
 "libc",
 "nb 0.1.3",
 "spin_sleep",
 "void",
]

[[package]]
name = "spin_sleep"
version = "1.1.1"
source = "registry+https://github.com/rust-lang/crates.io-index"
checksum = "cafa7900db085f4354dbc7025e25d7a839a14360ea13b5fc4fd717f2d3b23134"
dependencies = [
 "once_cell",
 "winapi",
]

[[package]]
name = "stepper_lib"
version = "0.3.9"
dependencies = [
 "gcode",
 "gpio",
 "rppal",
]

[[package]]
name = "void"
version = "1.0.2"
source = "registry+https://github.com/rust-lang/crates.io-index"
checksum = "6a02e4885ed3bc0f2de90ea6dd45ebcbb66dacffe03547fadbb0eeae2770887d"

[[package]]
name = "winapi"
version = "0.3.9"
source = "registry+https://github.com/rust-lang/crates.io-index"
checksum = "5c839a674fcd7a98952e593242ea400abe93992746761e38641405d28b00f419"
dependencies = [
 "winapi-i686-pc-windows-gnu",
 "winapi-x86_64-pc-windows-gnu",
]

[[package]]
name = "winapi-i686-pc-windows-gnu"
version = "0.4.0"
source = "registry+https://github.com/rust-lang/crates.io-index"
checksum = "ac3b87c63620426dd9b991e5ce0329eff545bccbbb34f3be09ff6fb6ab51b7b6"

[[package]]
name = "winapi-x86_64-pc-windows-gnu"
version = "0.4.0"
source = "registry+https://github.com/rust-lang/crates.io-index"
checksum = "712e227841d057c1ee1cd2fb22fa7e5a5461ae8e48fa2ca79ec42cfc1931183f"
